Microsoft Visual Studio Solution File, Format Version 12.00
# Visual Studio Version 17
VisualStudioVersion = 17.5.2.0
MinimumVisualStudioVersion = 10.0.40219.1
Project("{FAE04EC0-301F-11D3-BF4B-00C04F79EFBC}") = "Zeitfonds", "Zeitfonds\Zeitfonds.csproj", "{6EDD8715-1C39-E6DC-4F57-17D69D3B9DFA}"
EndProject
Global
	GlobalSection(SolutionConfigurationPlatforms) = preSolution
		Debug|Any CPU = Debug|Any CPU
		Release|Any CPU = Release|Any CPU
	EndGlobalSection
	GlobalSection(ProjectConfigurationPlatforms) = postSolution
		{6EDD8715-1C39-E6DC-4F57-17D69D3B9DFA}.Debug|Any CPU.ActiveCfg = Debug|Any CPU
		{6EDD8715-1C39-E6DC-4F57-17D69D3B9DFA}.Debug|Any CPU.Build.0 = Debug|Any CPU
		{6EDD8715-1C39-E6DC-4F57-17D69D3B9DFA}.Release|Any CPU.ActiveCfg = Release|Any CPU
		{6EDD8715-1C39-E6DC-4F57-17D69D3B9DFA}.Release|Any CPU.Build.0 = Release|Any CPU
	EndGlobalSection
	GlobalSection(SolutionProperties) = preSolution
		HideSolutionNode = FALSE
	EndGlobalSection
	GlobalSection(ExtensibilityGlobals) = postSolution
		SolutionGuid = {ABC737F3-0823-4876-8488-8A23CAA93DDE}
	EndGlobalSection
EndGlobal
